# THIS IS AN AUTOGENERATED FILE. DO NOT EDIT THIS FILE DIRECTLY.
# yarn lockfile v1


jquery@^3.5.1:
  version "3.5.1"
  resolved "https://registry.npm.taobao.org/jquery/download/jquery-3.5.1.tgz#d7b4d08e1bfdb86ad2f1a3d039ea17304717abb5"
  integrity sha1-17TQjhv9uGrS8aPQOeoXMEcXq7U=

style.css@^1.0.0:
  version "1.0.0"
  resolved "https://registry.npm.taobao.org/style.css/download/style.css-1.0.0.tgz#0ee5aa605dfa962ab2b2ed06a809f672594ce344"
  integrity sha1-DuWqYF36liqysu0GqAn2cllM40Q=
